
Microsoft Visual Studio Solution File, Format Version 12.00
# Visual Studio 15
VisualStudioVersion = 15.0.26124.0
MinimumVisualStudioVersion = 15.0.26124.0
Project("{2150E333-8FDC-42A3-9474-1A3956D46DE8}") = "src", "src", "{2F840033-BAEE-4FA7-8CA7-7C7ECDD44701}"
EndProject
Project("{FAE04EC0-301F-11D3-BF4B-00C04F79EFBC}") = "SByte", "src\SByte\SByte.csproj", "{8A26BD6F-0A5E-4759-A05E-1D94CD33B6C3}"
EndProject
Project("{FAE04EC0-301F-11D3-BF4B-00C04F79EFBC}") = "SHort", "src\SHort\SHort.csproj", "{D04939BE-8F6B-40C7-9AA0-20AE2118CF01}"
EndProject
Project("{FAE04EC0-301F-11D3-BF4B-00C04F79EFBC}") = "INt", "src\INt\INt.csproj", "{D1572BFE-BEC5-411A-8F38-D184EC5B3B03}"
EndProject
Project("{FAE04EC0-301F-11D3-BF4B-00C04F79EFBC}") = "LOng", "src\LOng\LOng.csproj", "{B4C94FBB-61B6-44F2-88D5-11953F516431}"
EndProject
Project("{FAE04EC0-301F-11D3-BF4B-00C04F79EFBC}") = "BYte", "src\BYte\BYte.csproj", "{5C48E707-821D-4C4C-9FDB-7634F2030A4B}"
EndProject
Project("{FAE04EC0-301F-11D3-BF4B-00C04F79EFBC}") = "UShort", "src\UShort\UShort.csproj", "{0E47456D-DE6F-4544-A750-5824D22BFD5C}"
EndProject
Project("{FAE04EC0-301F-11D3-BF4B-00C04F79EFBC}") = "UInt", "src\UInt\UInt.csproj", "{D2764747-A8EA-496B-800E-DDB77022F240}"
EndProject
Project("{FAE04EC0-301F-11D3-BF4B-00C04F79EFBC}") = "ULong", "src\ULong\ULong.csproj", "{9267EBEE-586D-48A2-AD7F-36919CFF56A3}"
EndProject
Project("{FAE04EC0-301F-11D3-BF4B-00C04F79EFBC}") = "FLoat", "src\FLoat\FLoat.csproj", "{3B1BE414-6CBA-4601-A28A-F37F6EDBE439}"
EndProject
Project("{FAE04EC0-301F-11D3-BF4B-00C04F79EFBC}") = "DOuble", "src\DOuble\DOuble.csproj", "{489141AF-8F29-4F1F-BF55-9B8656B88E06}"
EndProject
Project("{FAE04EC0-301F-11D3-BF4B-00C04F79EFBC}") = "DEcimal", "src\DEcimal\DEcimal.csproj", "{CBE6A44F-03EA-43D2-847F-DDB0FA1B34B1}"
EndProject
Project("{FAE04EC0-301F-11D3-BF4B-00C04F79EFBC}") = "CHar", "src\CHar\CHar.csproj", "{3190E075-789C-42A9-A45D-DE2CA3635A07}"
EndProject
Project("{FAE04EC0-301F-11D3-BF4B-00C04F79EFBC}") = "BOol", "src\BOol\BOol.csproj", "{6C2E9272-BD5D-4987-BA8D-62CF266209DA}"
EndProject
Project("{2150E333-8FDC-42A3-9474-1A3956D46DE8}") = "lib", "lib", "{9EC25746-F68D-4D53-AFB6-E609A157509D}"
EndProject
Project("{FAE04EC0-301F-11D3-BF4B-00C04F79EFBC}") = "BOol", "src\lib\BOol\BOol.csproj", "{4F63867B-B2AA-4776-A661-EEB89B1090F6}"
EndProject
Project("{FAE04EC0-301F-11D3-BF4B-00C04F79EFBC}") = "BYte", "src\lib\BYte\BYte.csproj", "{D469F2CD-E6D6-434A-8627-78B22EF20095}"
EndProject
Project("{FAE04EC0-301F-11D3-BF4B-00C04F79EFBC}") = "CHar", "src\lib\CHar\CHar.csproj", "{1D190612-0314-45B5-BF47-5961C6940BC0}"
EndProject
Project("{FAE04EC0-301F-11D3-BF4B-00C04F79EFBC}") = "DEcimal", "src\lib\DEcimal\DEcimal.csproj", "{78FF25B6-CB43-4080-A7F9-D6C4C59D9AF9}"
EndProject
Project("{FAE04EC0-301F-11D3-BF4B-00C04F79EFBC}") = "DOuble", "src\lib\DOuble\DOuble.csproj", "{8F96005F-94AF-4B0F-8332-65948E01CFB5}"
EndProject
Project("{FAE04EC0-301F-11D3-BF4B-00C04F79EFBC}") = "FLoat", "src\lib\FLoat\FLoat.csproj", "{4EADF509-963F-4B74-A601-5DA26BE4FD9A}"
EndProject
Project("{FAE04EC0-301F-11D3-BF4B-00C04F79EFBC}") = "INt", "src\lib\INt\INt.csproj", "{D2ABF871-64D4-437B-84F9-ACD43BA2FC0D}"
EndProject
Project("{FAE04EC0-301F-11D3-BF4B-00C04F79EFBC}") = "LOng", "src\lib\LOng\LOng.csproj", "{1587CD2F-E6DD-42B7-9932-0F1FA4C2B6FB}"
EndProject
Project("{FAE04EC0-301F-11D3-BF4B-00C04F79EFBC}") = "SByte", "src\lib\SByte\SByte.csproj", "{6BAC6C72-6072-48A9-B1A9-4B2179CDDBA6}"
EndProject
Project("{FAE04EC0-301F-11D3-BF4B-00C04F79EFBC}") = "SHort", "src\lib\SHort\SHort.csproj", "{EE082FF1-A141-4DFD-AB90-F35595E1F7A7}"
EndProject
Project("{FAE04EC0-301F-11D3-BF4B-00C04F79EFBC}") = "UInt", "src\lib\UInt\UInt.csproj", "{FB5030B0-CC0D-4BB5-BFA0-EA6341FED64E}"
EndProject
Project("{FAE04EC0-301F-11D3-BF4B-00C04F79EFBC}") = "ULong", "src\lib\ULong\ULong.csproj", "{2BAA878B-F57E-41E1-AE45-7DAF4617F106}"
EndProject
Project("{FAE04EC0-301F-11D3-BF4B-00C04F79EFBC}") = "UShort", "src\lib\UShort\UShort.csproj", "{068B7378-F57A-4C1E-84E0-E4CEDDE0FD38}"
EndProject
Project("{FAE04EC0-301F-11D3-BF4B-00C04F79EFBC}") = "RecapTiposOOP", "src\RecapTiposOOP\RecapTiposOOP.csproj", "{127D2CEC-A082-428B-8818-F2F7E6EE9F39}"
EndProject
Global
	GlobalSection(SolutionConfigurationPlatforms) = preSolution
		Debug|Any CPU = Debug|Any CPU
		Debug|x64 = Debug|x64
		Debug|x86 = Debug|x86
		Release|Any CPU = Release|Any CPU
		Release|x64 = Release|x64
		Release|x86 = Release|x86
	EndGlobalSection
	GlobalSection(SolutionProperties) = preSolution
		HideSolutionNode = FALSE
	EndGlobalSection
	GlobalSection(ProjectConfigurationPlatforms) = postSolution
		{8A26BD6F-0A5E-4759-A05E-1D94CD33B6C3}.Debug|Any CPU.ActiveCfg = Debug|Any CPU
		{8A26BD6F-0A5E-4759-A05E-1D94CD33B6C3}.Debug|Any CPU.Build.0 = Debug|Any CPU
		{8A26BD6F-0A5E-4759-A05E-1D94CD33B6C3}.Debug|x64.ActiveCfg = Debug|Any CPU
		{8A26BD6F-0A5E-4759-A05E-1D94CD33B6C3}.Debug|x64.Build.0 = Debug|Any CPU
		{8A26BD6F-0A5E-4759-A05E-1D94CD33B6C3}.Debug|x86.ActiveCfg = Debug|Any CPU
		{8A26BD6F-0A5E-4759-A05E-1D94CD33B6C3}.Debug|x86.Build.0 = Debug|Any CPU
		{8A26BD6F-0A5E-4759-A05E-1D94CD33B6C3}.Release|Any CPU.ActiveCfg = Release|Any CPU
		{8A26BD6F-0A5E-4759-A05E-1D94CD33B6C3}.Release|Any CPU.Build.0 = Release|Any CPU
		{8A26BD6F-0A5E-4759-A05E-1D94CD33B6C3}.Release|x64.ActiveCfg = Release|Any CPU
		{8A26BD6F-0A5E-4759-A05E-1D94CD33B6C3}.Release|x64.Build.0 = Release|Any CPU
		{8A26BD6F-0A5E-4759-A05E-1D94CD33B6C3}.Release|x86.ActiveCfg = Release|Any CPU
		{8A26BD6F-0A5E-4759-A05E-1D94CD33B6C3}.Release|x86.Build.0 = Release|Any CPU
		{D04939BE-8F6B-40C7-9AA0-20AE2118CF01}.Debug|Any CPU.ActiveCfg = Debug|Any CPU
		{D04939BE-8F6B-40C7-9AA0-20AE2118CF01}.Debug|Any CPU.Build.0 = Debug|Any CPU
		{D04939BE-8F6B-40C7-9AA0-20AE2118CF01}.Debug|x64.ActiveCfg = Debug|Any CPU
		{D04939BE-8F6B-40C7-9AA0-20AE2118CF01}.Debug|x64.Build.0 = Debug|Any CPU
		{D04939BE-8F6B-40C7-9AA0-20AE2118CF01}.Debug|x86.ActiveCfg = Debug|Any CPU
		{D04939BE-8F6B-40C7-9AA0-20AE2118CF01}.Debug|x86.Build.0 = Debug|Any CPU
		{D04939BE-8F6B-40C7-9AA0-20AE2118CF01}.Release|Any CPU.ActiveCfg = Release|Any CPU
		{D04939BE-8F6B-40C7-9AA0-20AE2118CF01}.Release|Any CPU.Build.0 = Release|Any CPU
		{D04939BE-8F6B-40C7-9AA0-20AE2118CF01}.Release|x64.ActiveCfg = Release|Any CPU
		{D04939BE-8F6B-40C7-9AA0-20AE2118CF01}.Release|x64.Build.0 = Release|Any CPU
		{D04939BE-8F6B-40C7-9AA0-20AE2118CF01}.Release|x86.ActiveCfg = Release|Any CPU
		{D04939BE-8F6B-40C7-9AA0-20AE2118CF01}.Release|x86.Build.0 = Release|Any CPU
		{D1572BFE-BEC5-411A-8F38-D184EC5B3B03}.Debug|Any CPU.ActiveCfg = Debug|Any CPU
		{D1572BFE-BEC5-411A-8F38-D184EC5B3B03}.Debug|Any CPU.Build.0 = Debug|Any CPU
		{D1572BFE-BEC5-411A-8F38-D184EC5B3B03}.Debug|x64.ActiveCfg = Debug|Any CPU
		{D1572BFE-BEC5-411A-8F38-D184EC5B3B03}.Debug|x64.Build.0 = Debug|Any CPU
		{D1572BFE-BEC5-411A-8F38-D184EC5B3B03}.Debug|x86.ActiveCfg = Debug|Any CPU
		{D1572BFE-BEC5-411A-8F38-D184EC5B3B03}.Debug|x86.Build.0 = Debug|Any CPU
		{D1572BFE-BEC5-411A-8F38-D184EC5B3B03}.Release|Any CPU.ActiveCfg = Release|Any CPU
		{D1572BFE-BEC5-411A-8F38-D184EC5B3B03}.Release|Any CPU.Build.0 = Release|Any CPU
		{D1572BFE-BEC5-411A-8F38-D184EC5B3B03}.Release|x64.ActiveCfg = Release|Any CPU
		{D1572BFE-BEC5-411A-8F38-D184EC5B3B03}.Release|x64.Build.0 = Release|Any CPU
		{D1572BFE-BEC5-411A-8F38-D184EC5B3B03}.Release|x86.ActiveCfg = Release|Any CPU
		{D1572BFE-BEC5-411A-8F38-D184EC5B3B03}.Release|x86.Build.0 = Release|Any CPU
		{B4C94FBB-61B6-44F2-88D5-11953F516431}.Debug|Any CPU.ActiveCfg = Debug|Any CPU
		{B4C94FBB-61B6-44F2-88D5-11953F516431}.Debug|Any CPU.Build.0 = Debug|Any CPU
		{B4C94FBB-61B6-44F2-88D5-11953F516431}.Debug|x64.ActiveCfg = Debug|Any CPU
		{B4C94FBB-61B6-44F2-88D5-11953F516431}.Debug|x64.Build.0 = Debug|Any CPU
		{B4C94FBB-61B6-44F2-88D5-11953F516431}.Debug|x86.ActiveCfg = Debug|Any CPU
		{B4C94FBB-61B6-44F2-88D5-11953F516431}.Debug|x86.Build.0 = Debug|Any CPU
		{B4C94FBB-61B6-44F2-88D5-11953F516431}.Release|Any CPU.ActiveCfg = Release|Any CPU
		{B4C94FBB-61B6-44F2-88D5-11953F516431}.Release|Any CPU.Build.0 = Release|Any CPU
		{B4C94FBB-61B6-44F2-88D5-11953F516431}.Release|x64.ActiveCfg = Release|Any CPU
		{B4C94FBB-61B6-44F2-88D5-11953F516431}.Release|x64.Build.0 = Release|Any CPU
		{B4C94FBB-61B6-44F2-88D5-11953F516431}.Release|x86.ActiveCfg = Release|Any CPU
		{B4C94FBB-61B6-44F2-88D5-11953F516431}.Release|x86.Build.0 = Release|Any CPU
		{5C48E707-821D-4C4C-9FDB-7634F2030A4B}.Debug|Any CPU.ActiveCfg = Debug|Any CPU
		{5C48E707-821D-4C4C-9FDB-7634F2030A4B}.Debug|Any CPU.Build.0 = Debug|Any CPU
		{5C48E707-821D-4C4C-9FDB-7634F2030A4B}.Debug|x64.ActiveCfg = Debug|Any CPU
		{5C48E707-821D-4C4C-9FDB-7634F2030A4B}.Debug|x64.Build.0 = Debug|Any CPU
		{5C48E707-821D-4C4C-9FDB-7634F2030A4B}.Debug|x86.ActiveCfg = Debug|Any CPU
		{5C48E707-821D-4C4C-9FDB-7634F2030A4B}.Debug|x86.Build.0 = Debug|Any CPU
		{5C48E707-821D-4C4C-9FDB-7634F2030A4B}.Release|Any CPU.ActiveCfg = Release|Any CPU
		{5C48E707-821D-4C4C-9FDB-7634F2030A4B}.Release|Any CPU.Build.0 = Release|Any CPU
		{5C48E707-821D-4C4C-9FDB-7634F2030A4B}.Release|x64.ActiveCfg = Release|Any CPU
		{5C48E707-821D-4C4C-9FDB-7634F2030A4B}.Release|x64.Build.0 = Release|Any CPU
		{5C48E707-821D-4C4C-9FDB-7634F2030A4B}.Release|x86.ActiveCfg = Release|Any CPU
		{5C48E707-821D-4C4C-9FDB-7634F2030A4B}.Release|x86.Build.0 = Release|Any CPU
		{0E47456D-DE6F-4544-A750-5824D22BFD5C}.Debug|Any CPU.ActiveCfg = Debug|Any CPU
		{0E47456D-DE6F-4544-A750-5824D22BFD5C}.Debug|Any CPU.Build.0 = Debug|Any CPU
		{0E47456D-DE6F-4544-A750-5824D22BFD5C}.Debug|x64.ActiveCfg = Debug|Any CPU
		{0E47456D-DE6F-4544-A750-5824D22BFD5C}.Debug|x64.Build.0 = Debug|Any CPU
		{0E47456D-DE6F-4544-A750-5824D22BFD5C}.Debug|x86.ActiveCfg = Debug|Any CPU
		{0E47456D-DE6F-4544-A750-5824D22BFD5C}.Debug|x86.Build.0 = Debug|Any CPU
		{0E47456D-DE6F-4544-A750-5824D22BFD5C}.Release|Any CPU.ActiveCfg = Release|Any CPU
		{0E47456D-DE6F-4544-A750-5824D22BFD5C}.Release|Any CPU.Build.0 = Release|Any CPU
		{0E47456D-DE6F-4544-A750-5824D22BFD5C}.Release|x64.ActiveCfg = Release|Any CPU
		{0E47456D-DE6F-4544-A750-5824D22BFD5C}.Release|x64.Build.0 = Release|Any CPU
		{0E47456D-DE6F-4544-A750-5824D22BFD5C}.Release|x86.ActiveCfg = Release|Any CPU
		{0E47456D-DE6F-4544-A750-5824D22BFD5C}.Release|x86.Build.0 = Release|Any CPU
		{D2764747-A8EA-496B-800E-DDB77022F240}.Debug|Any CPU.ActiveCfg = Debug|Any CPU
		{D2764747-A8EA-496B-800E-DDB77022F240}.Debug|Any CPU.Build.0 = Debug|Any CPU
		{D2764747-A8EA-496B-800E-DDB77022F240}.Debug|x64.ActiveCfg = Debug|Any CPU
		{D2764747-A8EA-496B-800E-DDB77022F240}.Debug|x64.Build.0 = Debug|Any CPU
		{D2764747-A8EA-496B-800E-DDB77022F240}.Debug|x86.ActiveCfg = Debug|Any CPU
		{D2764747-A8EA-496B-800E-DDB77022F240}.Debug|x86.Build.0 = Debug|Any CPU
		{D2764747-A8EA-496B-800E-DDB77022F240}.Release|Any CPU.ActiveCfg = Release|Any CPU
		{D2764747-A8EA-496B-800E-DDB77022F240}.Release|Any CPU.Build.0 = Release|Any CPU
		{D2764747-A8EA-496B-800E-DDB77022F240}.Release|x64.ActiveCfg = Release|Any CPU
		{D2764747-A8EA-496B-800E-DDB77022F240}.Release|x64.Build.0 = Release|Any CPU
		{D2764747-A8EA-496B-800E-DDB77022F240}.Release|x86.ActiveCfg = Release|Any CPU
		{D2764747-A8EA-496B-800E-DDB77022F240}.Release|x86.Build.0 = Release|Any CPU
		{9267EBEE-586D-48A2-AD7F-36919CFF56A3}.Debug|Any CPU.ActiveCfg = Debug|Any CPU
		{9267EBEE-586D-48A2-AD7F-36919CFF56A3}.Debug|Any CPU.Build.0 = Debug|Any CPU
		{9267EBEE-586D-48A2-AD7F-36919CFF56A3}.Debug|x64.ActiveCfg = Debug|Any CPU
		{9267EBEE-586D-48A2-AD7F-36919CFF56A3}.Debug|x64.Build.0 = Debug|Any CPU
		{9267EBEE-586D-48A2-AD7F-36919CFF56A3}.Debug|x86.ActiveCfg = Debug|Any CPU
		{9267EBEE-586D-48A2-AD7F-36919CFF56A3}.Debug|x86.Build.0 = Debug|Any CPU
		{9267EBEE-586D-48A2-AD7F-36919CFF56A3}.Release|Any CPU.ActiveCfg = Release|Any CPU
		{9267EBEE-586D-48A2-AD7F-36919CFF56A3}.Release|Any CPU.Build.0 = Release|Any CPU
		{9267EBEE-586D-48A2-AD7F-36919CFF56A3}.Release|x64.ActiveCfg = Release|Any CPU
		{9267EBEE-586D-48A2-AD7F-36919CFF56A3}.Release|x64.Build.0 = Release|Any CPU
		{9267EBEE-586D-48A2-AD7F-36919CFF56A3}.Release|x86.ActiveCfg = Release|Any CPU
		{9267EBEE-586D-48A2-AD7F-36919CFF56A3}.Release|x86.Build.0 = Release|Any CPU
		{3B1BE414-6CBA-4601-A28A-F37F6EDBE439}.Debug|Any CPU.ActiveCfg = Debug|Any CPU
		{3B1BE414-6CBA-4601-A28A-F37F6EDBE439}.Debug|Any CPU.Build.0 = Debug|Any CPU
		{3B1BE414-6CBA-4601-A28A-F37F6EDBE439}.Debug|x64.ActiveCfg = Debug|Any CPU
		{3B1BE414-6CBA-4601-A28A-F37F6EDBE439}.Debug|x64.Build.0 = Debug|Any CPU
		{3B1BE414-6CBA-4601-A28A-F37F6EDBE439}.Debug|x86.ActiveCfg = Debug|Any CPU
		{3B1BE414-6CBA-4601-A28A-F37F6EDBE439}.Debug|x86.Build.0 = Debug|Any CPU
		{3B1BE414-6CBA-4601-A28A-F37F6EDBE439}.Release|Any CPU.ActiveCfg = Release|Any CPU
		{3B1BE414-6CBA-4601-A28A-F37F6EDBE439}.Release|Any CPU.Build.0 = Release|Any CPU
		{3B1BE414-6CBA-4601-A28A-F37F6EDBE439}.Release|x64.ActiveCfg = Release|Any CPU
		{3B1BE414-6CBA-4601-A28A-F37F6EDBE439}.Release|x64.Build.0 = Release|Any CPU
		{3B1BE414-6CBA-4601-A28A-F37F6EDBE439}.Release|x86.ActiveCfg = Release|Any CPU
		{3B1BE414-6CBA-4601-A28A-F37F6EDBE439}.Release|x86.Build.0 = Release|Any CPU
		{489141AF-8F29-4F1F-BF55-9B8656B88E06}.Debug|Any CPU.ActiveCfg = Debug|Any CPU
		{489141AF-8F29-4F1F-BF55-9B8656B88E06}.Debug|Any CPU.Build.0 = Debug|Any CPU
		{489141AF-8F29-4F1F-BF55-9B8656B88E06}.Debug|x64.ActiveCfg = Debug|Any CPU
		{489141AF-8F29-4F1F-BF55-9B8656B88E06}.Debug|x64.Build.0 = Debug|Any CPU
		{489141AF-8F29-4F1F-BF55-9B8656B88E06}.Debug|x86.ActiveCfg = Debug|Any CPU
		{489141AF-8F29-4F1F-BF55-9B8656B88E06}.Debug|x86.Build.0 = Debug|Any CPU
		{489141AF-8F29-4F1F-BF55-9B8656B88E06}.Release|Any CPU.ActiveCfg = Release|Any CPU
		{489141AF-8F29-4F1F-BF55-9B8656B88E06}.Release|Any CPU.Build.0 = Release|Any CPU
		{489141AF-8F29-4F1F-BF55-9B8656B88E06}.Release|x64.ActiveCfg = Release|Any CPU
		{489141AF-8F29-4F1F-BF55-9B8656B88E06}.Release|x64.Build.0 = Release|Any CPU
		{489141AF-8F29-4F1F-BF55-9B8656B88E06}.Release|x86.ActiveCfg = Release|Any CPU
		{489141AF-8F29-4F1F-BF55-9B8656B88E06}.Release|x86.Build.0 = Release|Any CPU
		{CBE6A44F-03EA-43D2-847F-DDB0FA1B34B1}.Debug|Any CPU.ActiveCfg = Debug|Any CPU
		{CBE6A44F-03EA-43D2-847F-DDB0FA1B34B1}.Debug|Any CPU.Build.0 = Debug|Any CPU
		{CBE6A44F-03EA-43D2-847F-DDB0FA1B34B1}.Debug|x64.ActiveCfg = Debug|Any CPU
		{CBE6A44F-03EA-43D2-847F-DDB0FA1B34B1}.Debug|x64.Build.0 = Debug|Any CPU
		{CBE6A44F-03EA-43D2-847F-DDB0FA1B34B1}.Debug|x86.ActiveCfg = Debug|Any CPU
		{CBE6A44F-03EA-43D2-847F-DDB0FA1B34B1}.Debug|x86.Build.0 = Debug|Any CPU
		{CBE6A44F-03EA-43D2-847F-DDB0FA1B34B1}.Release|Any CPU.ActiveCfg = Release|Any CPU
		{CBE6A44F-03EA-43D2-847F-DDB0FA1B34B1}.Release|Any CPU.Build.0 = Release|Any CPU
		{CBE6A44F-03EA-43D2-847F-DDB0FA1B34B1}.Release|x64.ActiveCfg = Release|Any CPU
		{CBE6A44F-03EA-43D2-847F-DDB0FA1B34B1}.Release|x64.Build.0 = Release|Any CPU
		{CBE6A44F-03EA-43D2-847F-DDB0FA1B34B1}.Release|x86.ActiveCfg = Release|Any CPU
		{CBE6A44F-03EA-43D2-847F-DDB0FA1B34B1}.Release|x86.Build.0 = Release|Any CPU
		{3190E075-789C-42A9-A45D-DE2CA3635A07}.Debug|Any CPU.ActiveCfg = Debug|Any CPU
		{3190E075-789C-42A9-A45D-DE2CA3635A07}.Debug|Any CPU.Build.0 = Debug|Any CPU
		{3190E075-789C-42A9-A45D-DE2CA3635A07}.Debug|x64.ActiveCfg = Debug|Any CPU
		{3190E075-789C-42A9-A45D-DE2CA3635A07}.Debug|x64.Build.0 = Debug|Any CPU
		{3190E075-789C-42A9-A45D-DE2CA3635A07}.Debug|x86.ActiveCfg = Debug|Any CPU
		{3190E075-789C-42A9-A45D-DE2CA3635A07}.Debug|x86.Build.0 = Debug|Any CPU
		{3190E075-789C-42A9-A45D-DE2CA3635A07}.Release|Any CPU.ActiveCfg = Release|Any CPU
		{3190E075-789C-42A9-A45D-DE2CA3635A07}.Release|Any CPU.Build.0 = Release|Any CPU
		{3190E075-789C-42A9-A45D-DE2CA3635A07}.Release|x64.ActiveCfg = Release|Any CPU
		{3190E075-789C-42A9-A45D-DE2CA3635A07}.Release|x64.Build.0 = Release|Any CPU
		{3190E075-789C-42A9-A45D-DE2CA3635A07}.Release|x86.ActiveCfg = Release|Any CPU
		{3190E075-789C-42A9-A45D-DE2CA3635A07}.Release|x86.Build.0 = Release|Any CPU
		{6C2E9272-BD5D-4987-BA8D-62CF266209DA}.Debug|Any CPU.ActiveCfg = Debug|Any CPU
		{6C2E9272-BD5D-4987-BA8D-62CF266209DA}.Debug|Any CPU.Build.0 = Debug|Any CPU
		{6C2E9272-BD5D-4987-BA8D-62CF266209DA}.Debug|x64.ActiveCfg = Debug|Any CPU
		{6C2E9272-BD5D-4987-BA8D-62CF266209DA}.Debug|x64.Build.0 = Debug|Any CPU
		{6C2E9272-BD5D-4987-BA8D-62CF266209DA}.Debug|x86.ActiveCfg = Debug|Any CPU
		{6C2E9272-BD5D-4987-BA8D-62CF266209DA}.Debug|x86.Build.0 = Debug|Any CPU
		{6C2E9272-BD5D-4987-BA8D-62CF266209DA}.Release|Any CPU.ActiveCfg = Release|Any CPU
		{6C2E9272-BD5D-4987-BA8D-62CF266209DA}.Release|Any CPU.Build.0 = Release|Any CPU
		{6C2E9272-BD5D-4987-BA8D-62CF266209DA}.Release|x64.ActiveCfg = Release|Any CPU
		{6C2E9272-BD5D-4987-BA8D-62CF266209DA}.Release|x64.Build.0 = Release|Any CPU
		{6C2E9272-BD5D-4987-BA8D-62CF266209DA}.Release|x86.ActiveCfg = Release|Any CPU
		{6C2E9272-BD5D-4987-BA8D-62CF266209DA}.Release|x86.Build.0 = Release|Any CPU
		{4F63867B-B2AA-4776-A661-EEB89B1090F6}.Debug|Any CPU.ActiveCfg = Debug|Any CPU
		{4F63867B-B2AA-4776-A661-EEB89B1090F6}.Debug|Any CPU.Build.0 = Debug|Any CPU
		{4F63867B-B2AA-4776-A661-EEB89B1090F6}.Debug|x64.ActiveCfg = Debug|Any CPU
		{4F63867B-B2AA-4776-A661-EEB89B1090F6}.Debug|x64.Build.0 = Debug|Any CPU
		{4F63867B-B2AA-4776-A661-EEB89B1090F6}.Debug|x86.ActiveCfg = Debug|Any CPU
		{4F63867B-B2AA-4776-A661-EEB89B1090F6}.Debug|x86.Build.0 = Debug|Any CPU
		{4F63867B-B2AA-4776-A661-EEB89B1090F6}.Release|Any CPU.ActiveCfg = Release|Any CPU
		{4F63867B-B2AA-4776-A661-EEB89B1090F6}.Release|Any CPU.Build.0 = Release|Any CPU
		{4F63867B-B2AA-4776-A661-EEB89B1090F6}.Release|x64.ActiveCfg = Release|Any CPU
		{4F63867B-B2AA-4776-A661-EEB89B1090F6}.Release|x64.Build.0 = Release|Any CPU
		{4F63867B-B2AA-4776-A661-EEB89B1090F6}.Release|x86.ActiveCfg = Release|Any CPU
		{4F63867B-B2AA-4776-A661-EEB89B1090F6}.Release|x86.Build.0 = Release|Any CPU
		{D469F2CD-E6D6-434A-8627-78B22EF20095}.Debug|Any CPU.ActiveCfg = Debug|Any CPU
		{D469F2CD-E6D6-434A-8627-78B22EF20095}.Debug|Any CPU.Build.0 = Debug|Any CPU
		{D469F2CD-E6D6-434A-8627-78B22EF20095}.Debug|x64.ActiveCfg = Debug|Any CPU
		{D469F2CD-E6D6-434A-8627-78B22EF20095}.Debug|x64.Build.0 = Debug|Any CPU
		{D469F2CD-E6D6-434A-8627-78B22EF20095}.Debug|x86.ActiveCfg = Debug|Any CPU
		{D469F2CD-E6D6-434A-8627-78B22EF20095}.Debug|x86.Build.0 = Debug|Any CPU
		{D469F2CD-E6D6-434A-8627-78B22EF20095}.Release|Any CPU.ActiveCfg = Release|Any CPU
		{D469F2CD-E6D6-434A-8627-78B22EF20095}.Release|Any CPU.Build.0 = Release|Any CPU
		{D469F2CD-E6D6-434A-8627-78B22EF20095}.Release|x64.ActiveCfg = Release|Any CPU
		{D469F2CD-E6D6-434A-8627-78B22EF20095}.Release|x64.Build.0 = Release|Any CPU
		{D469F2CD-E6D6-434A-8627-78B22EF20095}.Release|x86.ActiveCfg = Release|Any CPU
		{D469F2CD-E6D6-434A-8627-78B22EF20095}.Release|x86.Build.0 = Release|Any CPU
		{1D190612-0314-45B5-BF47-5961C6940BC0}.Debug|Any CPU.ActiveCfg = Debug|Any CPU
		{1D190612-0314-45B5-BF47-5961C6940BC0}.Debug|Any CPU.Build.0 = Debug|Any CPU
		{1D190612-0314-45B5-BF47-5961C6940BC0}.Debug|x64.ActiveCfg = Debug|Any CPU
		{1D190612-0314-45B5-BF47-5961C6940BC0}.Debug|x64.Build.0 = Debug|Any CPU
		{1D190612-0314-45B5-BF47-5961C6940BC0}.Debug|x86.ActiveCfg = Debug|Any CPU
		{1D190612-0314-45B5-BF47-5961C6940BC0}.Debug|x86.Build.0 = Debug|Any CPU
		{1D190612-0314-45B5-BF47-5961C6940BC0}.Release|Any CPU.ActiveCfg = Release|Any CPU
		{1D190612-0314-45B5-BF47-5961C6940BC0}.Release|Any CPU.Build.0 = Release|Any CPU
		{1D190612-0314-45B5-BF47-5961C6940BC0}.Release|x64.ActiveCfg = Release|Any CPU
		{1D190612-0314-45B5-BF47-5961C6940BC0}.Release|x64.Build.0 = Release|Any CPU
		{1D190612-0314-45B5-BF47-5961C6940BC0}.Release|x86.ActiveCfg = Release|Any CPU
		{1D190612-0314-45B5-BF47-5961C6940BC0}.Release|x86.Build.0 = Release|Any CPU
		{78FF25B6-CB43-4080-A7F9-D6C4C59D9AF9}.Debug|Any CPU.ActiveCfg = Debug|Any CPU
		{78FF25B6-CB43-4080-A7F9-D6C4C59D9AF9}.Debug|Any CPU.Build.0 = Debug|Any CPU
		{78FF25B6-CB43-4080-A7F9-D6C4C59D9AF9}.Debug|x64.ActiveCfg = Debug|Any CPU
		{78FF25B6-CB43-4080-A7F9-D6C4C59D9AF9}.Debug|x64.Build.0 = Debug|Any CPU
		{78FF25B6-CB43-4080-A7F9-D6C4C59D9AF9}.Debug|x86.ActiveCfg = Debug|Any CPU
		{78FF25B6-CB43-4080-A7F9-D6C4C59D9AF9}.Debug|x86.Build.0 = Debug|Any CPU
		{78FF25B6-CB43-4080-A7F9-D6C4C59D9AF9}.Release|Any CPU.ActiveCfg = Release|Any CPU
		{78FF25B6-CB43-4080-A7F9-D6C4C59D9AF9}.Release|Any CPU.Build.0 = Release|Any CPU
		{78FF25B6-CB43-4080-A7F9-D6C4C59D9AF9}.Release|x64.ActiveCfg = Release|Any CPU
		{78FF25B6-CB43-4080-A7F9-D6C4C59D9AF9}.Release|x64.Build.0 = Release|Any CPU
		{78FF25B6-CB43-4080-A7F9-D6C4C59D9AF9}.Release|x86.ActiveCfg = Release|Any CPU
		{78FF25B6-CB43-4080-A7F9-D6C4C59D9AF9}.Release|x86.Build.0 = Release|Any CPU
		{8F96005F-94AF-4B0F-8332-65948E01CFB5}.Debug|Any CPU.ActiveCfg = Debug|Any CPU
		{8F96005F-94AF-4B0F-8332-65948E01CFB5}.Debug|Any CPU.Build.0 = Debug|Any CPU
		{8F96005F-94AF-4B0F-8332-65948E01CFB5}.Debug|x64.ActiveCfg = Debug|Any CPU
		{8F96005F-94AF-4B0F-8332-65948E01CFB5}.Debug|x64.Build.0 = Debug|Any CPU
		{8F96005F-94AF-4B0F-8332-65948E01CFB5}.Debug|x86.ActiveCfg = Debug|Any CPU
		{8F96005F-94AF-4B0F-8332-65948E01CFB5}.Debug|x86.Build.0 = Debug|Any CPU
		{8F96005F-94AF-4B0F-8332-65948E01CFB5}.Release|Any CPU.ActiveCfg = Release|Any CPU
		{8F96005F-94AF-4B0F-8332-65948E01CFB5}.Release|Any CPU.Build.0 = Release|Any CPU
		{8F96005F-94AF-4B0F-8332-65948E01CFB5}.Release|x64.ActiveCfg = Release|Any CPU
		{8F96005F-94AF-4B0F-8332-65948E01CFB5}.Release|x64.Build.0 = Release|Any CPU
		{8F96005F-94AF-4B0F-8332-65948E01CFB5}.Release|x86.ActiveCfg = Release|Any CPU
		{8F96005F-94AF-4B0F-8332-65948E01CFB5}.Release|x86.Build.0 = Release|Any CPU
		{4EADF509-963F-4B74-A601-5DA26BE4FD9A}.Debug|Any CPU.ActiveCfg = Debug|Any CPU
		{4EADF509-963F-4B74-A601-5DA26BE4FD9A}.Debug|Any CPU.Build.0 = Debug|Any CPU
		{4EADF509-963F-4B74-A601-5DA26BE4FD9A}.Debug|x64.ActiveCfg = Debug|Any CPU
		{4EADF509-963F-4B74-A601-5DA26BE4FD9A}.Debug|x64.Build.0 = Debug|Any CPU
		{4EADF509-963F-4B74-A601-5DA26BE4FD9A}.Debug|x86.ActiveCfg = Debug|Any CPU
		{4EADF509-963F-4B74-A601-5DA26BE4FD9A}.Debug|x86.Build.0 = Debug|Any CPU
		{4EADF509-963F-4B74-A601-5DA26BE4FD9A}.Release|Any CPU.ActiveCfg = Release|Any CPU
		{4EADF509-963F-4B74-A601-5DA26BE4FD9A}.Release|Any CPU.Build.0 = Release|Any CPU
		{4EADF509-963F-4B74-A601-5DA26BE4FD9A}.Release|x64.ActiveCfg = Release|Any CPU
		{4EADF509-963F-4B74-A601-5DA26BE4FD9A}.Release|x64.Build.0 = Release|Any CPU
		{4EADF509-963F-4B74-A601-5DA26BE4FD9A}.Release|x86.ActiveCfg = Release|Any CPU
		{4EADF509-963F-4B74-A601-5DA26BE4FD9A}.Release|x86.Build.0 = Release|Any CPU
		{D2ABF871-64D4-437B-84F9-ACD43BA2FC0D}.Debug|Any CPU.ActiveCfg = Debug|Any CPU
		{D2ABF871-64D4-437B-84F9-ACD43BA2FC0D}.Debug|Any CPU.Build.0 = Debug|Any CPU
		{D2ABF871-64D4-437B-84F9-ACD43BA2FC0D}.Debug|x64.ActiveCfg = Debug|Any CPU
		{D2ABF871-64D4-437B-84F9-ACD43BA2FC0D}.Debug|x64.Build.0 = Debug|Any CPU
		{D2ABF871-64D4-437B-84F9-ACD43BA2FC0D}.Debug|x86.ActiveCfg = Debug|Any CPU
		{D2ABF871-64D4-437B-84F9-ACD43BA2FC0D}.Debug|x86.Build.0 = Debug|Any CPU
		{D2ABF871-64D4-437B-84F9-ACD43BA2FC0D}.Release|Any CPU.ActiveCfg = Release|Any CPU
		{D2ABF871-64D4-437B-84F9-ACD43BA2FC0D}.Release|Any CPU.Build.0 = Release|Any CPU
		{D2ABF871-64D4-437B-84F9-ACD43BA2FC0D}.Release|x64.ActiveCfg = Release|Any CPU
		{D2ABF871-64D4-437B-84F9-ACD43BA2FC0D}.Release|x64.Build.0 = Release|Any CPU
		{D2ABF871-64D4-437B-84F9-ACD43BA2FC0D}.Release|x86.ActiveCfg = Release|Any CPU
		{D2ABF871-64D4-437B-84F9-ACD43BA2FC0D}.Release|x86.Build.0 = Release|Any CPU
		{1587CD2F-E6DD-42B7-9932-0F1FA4C2B6FB}.Debug|Any CPU.ActiveCfg = Debug|Any CPU
		{1587CD2F-E6DD-42B7-9932-0F1FA4C2B6FB}.Debug|Any CPU.Build.0 = Debug|Any CPU
		{1587CD2F-E6DD-42B7-9932-0F1FA4C2B6FB}.Debug|x64.ActiveCfg = Debug|Any CPU
		{1587CD2F-E6DD-42B7-9932-0F1FA4C2B6FB}.Debug|x64.Build.0 = Debug|Any CPU
		{1587CD2F-E6DD-42B7-9932-0F1FA4C2B6FB}.Debug|x86.ActiveCfg = Debug|Any CPU
		{1587CD2F-E6DD-42B7-9932-0F1FA4C2B6FB}.Debug|x86.Build.0 = Debug|Any CPU
		{1587CD2F-E6DD-42B7-9932-0F1FA4C2B6FB}.Release|Any CPU.ActiveCfg = Release|Any CPU
		{1587CD2F-E6DD-42B7-9932-0F1FA4C2B6FB}.Release|Any CPU.Build.0 = Release|Any CPU
		{1587CD2F-E6DD-42B7-9932-0F1FA4C2B6FB}.Release|x64.ActiveCfg = Release|Any CPU
		{1587CD2F-E6DD-42B7-9932-0F1FA4C2B6FB}.Release|x64.Build.0 = Release|Any CPU
		{1587CD2F-E6DD-42B7-9932-0F1FA4C2B6FB}.Release|x86.ActiveCfg = Release|Any CPU
		{1587CD2F-E6DD-42B7-9932-0F1FA4C2B6FB}.Release|x86.Build.0 = Release|Any CPU
		{6BAC6C72-6072-48A9-B1A9-4B2179CDDBA6}.Debug|Any CPU.ActiveCfg = Debug|Any CPU
		{6BAC6C72-6072-48A9-B1A9-4B2179CDDBA6}.Debug|Any CPU.Build.0 = Debug|Any CPU
		{6BAC6C72-6072-48A9-B1A9-4B2179CDDBA6}.Debug|x64.ActiveCfg = Debug|Any CPU
		{6BAC6C72-6072-48A9-B1A9-4B2179CDDBA6}.Debug|x64.Build.0 = Debug|Any CPU
		{6BAC6C72-6072-48A9-B1A9-4B2179CDDBA6}.Debug|x86.ActiveCfg = Debug|Any CPU
		{6BAC6C72-6072-48A9-B1A9-4B2179CDDBA6}.Debug|x86.Build.0 = Debug|Any CPU
		{6BAC6C72-6072-48A9-B1A9-4B2179CDDBA6}.Release|Any CPU.ActiveCfg = Release|Any CPU
		{6BAC6C72-6072-48A9-B1A9-4B2179CDDBA6}.Release|Any CPU.Build.0 = Release|Any CPU
		{6BAC6C72-6072-48A9-B1A9-4B2179CDDBA6}.Release|x64.ActiveCfg = Release|Any CPU
		{6BAC6C72-6072-48A9-B1A9-4B2179CDDBA6}.Release|x64.Build.0 = Release|Any CPU
		{6BAC6C72-6072-48A9-B1A9-4B2179CDDBA6}.Release|x86.ActiveCfg = Release|Any CPU
		{6BAC6C72-6072-48A9-B1A9-4B2179CDDBA6}.Release|x86.Build.0 = Release|Any CPU
		{EE082FF1-A141-4DFD-AB90-F35595E1F7A7}.Debug|Any CPU.ActiveCfg = Debug|Any CPU
		{EE082FF1-A141-4DFD-AB90-F35595E1F7A7}.Debug|Any CPU.Build.0 = Debug|Any CPU
		{EE082FF1-A141-4DFD-AB90-F35595E1F7A7}.Debug|x64.ActiveCfg = Debug|Any CPU
		{EE082FF1-A141-4DFD-AB90-F35595E1F7A7}.Debug|x64.Build.0 = Debug|Any CPU
		{EE082FF1-A141-4DFD-AB90-F35595E1F7A7}.Debug|x86.ActiveCfg = Debug|Any CPU
		{EE082FF1-A141-4DFD-AB90-F35595E1F7A7}.Debug|x86.Build.0 = Debug|Any CPU
		{EE082FF1-A141-4DFD-AB90-F35595E1F7A7}.Release|Any CPU.ActiveCfg = Release|Any CPU
		{EE082FF1-A141-4DFD-AB90-F35595E1F7A7}.Release|Any CPU.Build.0 = Release|Any CPU
		{EE082FF1-A141-4DFD-AB90-F35595E1F7A7}.Release|x64.ActiveCfg = Release|Any CPU
		{EE082FF1-A141-4DFD-AB90-F35595E1F7A7}.Release|x64.Build.0 = Release|Any CPU
		{EE082FF1-A141-4DFD-AB90-F35595E1F7A7}.Release|x86.ActiveCfg = Release|Any CPU
		{EE082FF1-A141-4DFD-AB90-F35595E1F7A7}.Release|x86.Build.0 = Release|Any CPU
		{FB5030B0-CC0D-4BB5-BFA0-EA6341FED64E}.Debug|Any CPU.ActiveCfg = Debug|Any CPU
		{FB5030B0-CC0D-4BB5-BFA0-EA6341FED64E}.Debug|Any CPU.Build.0 = Debug|Any CPU
		{FB5030B0-CC0D-4BB5-BFA0-EA6341FED64E}.Debug|x64.ActiveCfg = Debug|Any CPU
		{FB5030B0-CC0D-4BB5-BFA0-EA6341FED64E}.Debug|x64.Build.0 = Debug|Any CPU
		{FB5030B0-CC0D-4BB5-BFA0-EA6341FED64E}.Debug|x86.ActiveCfg = Debug|Any CPU
		{FB5030B0-CC0D-4BB5-BFA0-EA6341FED64E}.Debug|x86.Build.0 = Debug|Any CPU
		{FB5030B0-CC0D-4BB5-BFA0-EA6341FED64E}.Release|Any CPU.ActiveCfg = Release|Any CPU
		{FB5030B0-CC0D-4BB5-BFA0-EA6341FED64E}.Release|Any CPU.Build.0 = Release|Any CPU
		{FB5030B0-CC0D-4BB5-BFA0-EA6341FED64E}.Release|x64.ActiveCfg = Release|Any CPU
		{FB5030B0-CC0D-4BB5-BFA0-EA6341FED64E}.Release|x64.Build.0 = Release|Any CPU
		{FB5030B0-CC0D-4BB5-BFA0-EA6341FED64E}.Release|x86.ActiveCfg = Release|Any CPU
		{FB5030B0-CC0D-4BB5-BFA0-EA6341FED64E}.Release|x86.Build.0 = Release|Any CPU
		{2BAA878B-F57E-41E1-AE45-7DAF4617F106}.Debug|Any CPU.ActiveCfg = Debug|Any CPU
		{2BAA878B-F57E-41E1-AE45-7DAF4617F106}.Debug|Any CPU.Build.0 = Debug|Any CPU
		{2BAA878B-F57E-41E1-AE45-7DAF4617F106}.Debug|x64.ActiveCfg = Debug|Any CPU
		{2BAA878B-F57E-41E1-AE45-7DAF4617F106}.Debug|x64.Build.0 = Debug|Any CPU
		{2BAA878B-F57E-41E1-AE45-7DAF4617F106}.Debug|x86.ActiveCfg = Debug|Any CPU
		{2BAA878B-F57E-41E1-AE45-7DAF4617F106}.Debug|x86.Build.0 = Debug|Any CPU
		{2BAA878B-F57E-41E1-AE45-7DAF4617F106}.Release|Any CPU.ActiveCfg = Release|Any CPU
		{2BAA878B-F57E-41E1-AE45-7DAF4617F106}.Release|Any CPU.Build.0 = Release|Any CPU
		{2BAA878B-F57E-41E1-AE45-7DAF4617F106}.Release|x64.ActiveCfg = Release|Any CPU
		{2BAA878B-F57E-41E1-AE45-7DAF4617F106}.Release|x64.Build.0 = Release|Any CPU
		{2BAA878B-F57E-41E1-AE45-7DAF4617F106}.Release|x86.ActiveCfg = Release|Any CPU
		{2BAA878B-F57E-41E1-AE45-7DAF4617F106}.Release|x86.Build.0 = Release|Any CPU
		{068B7378-F57A-4C1E-84E0-E4CEDDE0FD38}.Debug|Any CPU.ActiveCfg = Debug|Any CPU
		{068B7378-F57A-4C1E-84E0-E4CEDDE0FD38}.Debug|Any CPU.Build.0 = Debug|Any CPU
		{068B7378-F57A-4C1E-84E0-E4CEDDE0FD38}.Debug|x64.ActiveCfg = Debug|Any CPU
		{068B7378-F57A-4C1E-84E0-E4CEDDE0FD38}.Debug|x64.Build.0 = Debug|Any CPU
		{068B7378-F57A-4C1E-84E0-E4CEDDE0FD38}.Debug|x86.ActiveCfg = Debug|Any CPU
		{068B7378-F57A-4C1E-84E0-E4CEDDE0FD38}.Debug|x86.Build.0 = Debug|Any CPU
		{068B7378-F57A-4C1E-84E0-E4CEDDE0FD38}.Release|Any CPU.ActiveCfg = Release|Any CPU
		{068B7378-F57A-4C1E-84E0-E4CEDDE0FD38}.Release|Any CPU.Build.0 = Release|Any CPU
		{068B7378-F57A-4C1E-84E0-E4CEDDE0FD38}.Release|x64.ActiveCfg = Release|Any CPU
		{068B7378-F57A-4C1E-84E0-E4CEDDE0FD38}.Release|x64.Build.0 = Release|Any CPU
		{068B7378-F57A-4C1E-84E0-E4CEDDE0FD38}.Release|x86.ActiveCfg = Release|Any CPU
		{068B7378-F57A-4C1E-84E0-E4CEDDE0FD38}.Release|x86.Build.0 = Release|Any CPU
		{127D2CEC-A082-428B-8818-F2F7E6EE9F39}.Debug|Any CPU.ActiveCfg = Debug|Any CPU
		{127D2CEC-A082-428B-8818-F2F7E6EE9F39}.Debug|Any CPU.Build.0 = Debug|Any CPU
		{127D2CEC-A082-428B-8818-F2F7E6EE9F39}.Debug|x64.ActiveCfg = Debug|Any CPU
		{127D2CEC-A082-428B-8818-F2F7E6EE9F39}.Debug|x64.Build.0 = Debug|Any CPU
		{127D2CEC-A082-428B-8818-F2F7E6EE9F39}.Debug|x86.ActiveCfg = Debug|Any CPU
		{127D2CEC-A082-428B-8818-F2F7E6EE9F39}.Debug|x86.Build.0 = Debug|Any CPU
		{127D2CEC-A082-428B-8818-F2F7E6EE9F39}.Release|Any CPU.ActiveCfg = Release|Any CPU
		{127D2CEC-A082-428B-8818-F2F7E6EE9F39}.Release|Any CPU.Build.0 = Release|Any CPU
		{127D2CEC-A082-428B-8818-F2F7E6EE9F39}.Release|x64.ActiveCfg = Release|Any CPU
		{127D2CEC-A082-428B-8818-F2F7E6EE9F39}.Release|x64.Build.0 = Release|Any CPU
		{127D2CEC-A082-428B-8818-F2F7E6EE9F39}.Release|x86.ActiveCfg = Release|Any CPU
		{127D2CEC-A082-428B-8818-F2F7E6EE9F39}.Release|x86.Build.0 = Release|Any CPU
	EndGlobalSection
	GlobalSection(NestedProjects) = preSolution
		{8A26BD6F-0A5E-4759-A05E-1D94CD33B6C3} = {2F840033-BAEE-4FA7-8CA7-7C7ECDD44701}
		{D04939BE-8F6B-40C7-9AA0-20AE2118CF01} = {2F840033-BAEE-4FA7-8CA7-7C7ECDD44701}
		{D1572BFE-BEC5-411A-8F38-D184EC5B3B03} = {2F840033-BAEE-4FA7-8CA7-7C7ECDD44701}
		{B4C94FBB-61B6-44F2-88D5-11953F516431} = {2F840033-BAEE-4FA7-8CA7-7C7ECDD44701}
		{5C48E707-821D-4C4C-9FDB-7634F2030A4B} = {2F840033-BAEE-4FA7-8CA7-7C7ECDD44701}
		{0E47456D-DE6F-4544-A750-5824D22BFD5C} = {2F840033-BAEE-4FA7-8CA7-7C7ECDD44701}
		{D2764747-A8EA-496B-800E-DDB77022F240} = {2F840033-BAEE-4FA7-8CA7-7C7ECDD44701}
		{9267EBEE-586D-48A2-AD7F-36919CFF56A3} = {2F840033-BAEE-4FA7-8CA7-7C7ECDD44701}
		{3B1BE414-6CBA-4601-A28A-F37F6EDBE439} = {2F840033-BAEE-4FA7-8CA7-7C7ECDD44701}
		{489141AF-8F29-4F1F-BF55-9B8656B88E06} = {2F840033-BAEE-4FA7-8CA7-7C7ECDD44701}
		{CBE6A44F-03EA-43D2-847F-DDB0FA1B34B1} = {2F840033-BAEE-4FA7-8CA7-7C7ECDD44701}
		{3190E075-789C-42A9-A45D-DE2CA3635A07} = {2F840033-BAEE-4FA7-8CA7-7C7ECDD44701}
		{6C2E9272-BD5D-4987-BA8D-62CF266209DA} = {2F840033-BAEE-4FA7-8CA7-7C7ECDD44701}
		{9EC25746-F68D-4D53-AFB6-E609A157509D} = {2F840033-BAEE-4FA7-8CA7-7C7ECDD44701}
		{4F63867B-B2AA-4776-A661-EEB89B1090F6} = {9EC25746-F68D-4D53-AFB6-E609A157509D}
		{D469F2CD-E6D6-434A-8627-78B22EF20095} = {9EC25746-F68D-4D53-AFB6-E609A157509D}
		{1D190612-0314-45B5-BF47-5961C6940BC0} = {9EC25746-F68D-4D53-AFB6-E609A157509D}
		{78FF25B6-CB43-4080-A7F9-D6C4C59D9AF9} = {9EC25746-F68D-4D53-AFB6-E609A157509D}
		{8F96005F-94AF-4B0F-8332-65948E01CFB5} = {9EC25746-F68D-4D53-AFB6-E609A157509D}
		{4EADF509-963F-4B74-A601-5DA26BE4FD9A} = {9EC25746-F68D-4D53-AFB6-E609A157509D}
		{D2ABF871-64D4-437B-84F9-ACD43BA2FC0D} = {9EC25746-F68D-4D53-AFB6-E609A157509D}
		{1587CD2F-E6DD-42B7-9932-0F1FA4C2B6FB} = {9EC25746-F68D-4D53-AFB6-E609A157509D}
		{6BAC6C72-6072-48A9-B1A9-4B2179CDDBA6} = {9EC25746-F68D-4D53-AFB6-E609A157509D}
		{EE082FF1-A141-4DFD-AB90-F35595E1F7A7} = {9EC25746-F68D-4D53-AFB6-E609A157509D}
		{FB5030B0-CC0D-4BB5-BFA0-EA6341FED64E} = {9EC25746-F68D-4D53-AFB6-E609A157509D}
		{2BAA878B-F57E-41E1-AE45-7DAF4617F106} = {9EC25746-F68D-4D53-AFB6-E609A157509D}
		{068B7378-F57A-4C1E-84E0-E4CEDDE0FD38} = {9EC25746-F68D-4D53-AFB6-E609A157509D}
		{127D2CEC-A082-428B-8818-F2F7E6EE9F39} = {2F840033-BAEE-4FA7-8CA7-7C7ECDD44701}
	EndGlobalSection
EndGlobal
